
Microsoft Visual Studio Solution File, Format Version 12.00
# Visual Studio Version 16
VisualStudioVersion = 16.0.31025.194
MinimumVisualStudioVersion = 10.0.40219.1
Project("{FAE04EC0-301F-11D3-BF4B-00C04F79EFBC}") = "Lab2", "Lab2.csproj", "{B7399B2E-198D-425F-A88D-E3906BC43E6D}"
EndProject
Global
	GlobalSection(SolutionConfigurationPlatforms) = preSolution
		Debug|Any CPU = Debug|Any CPU
		Release|Any CPU = Release|Any CPU
	EndGlobalSection
	GlobalSection(ProjectConfigurationPlatforms) = postSolution
		{B7399B2E-198D-425F-A88D-E3906BC43E6D}.Debug|Any CPU.ActiveCfg = Debug|Any CPU
		{B7399B2E-198D-425F-A88D-E3906BC43E6D}.Debug|Any CPU.Build.0 = Debug|Any CPU
		{B7399B2E-198D-425F-A88D-E3906BC43E6D}.Release|Any CPU.ActiveCfg = Release|Any CPU
		{B7399B2E-198D-425F-A88D-E3906BC43E6D}.Release|Any CPU.Build.0 = Release|Any CPU
	EndGlobalSection
	GlobalSection(SolutionProperties) = preSolution
		HideSolutionNode = FALSE
	EndGlobalSection
	GlobalSection(ExtensibilityGlobals) = postSolution
		SolutionGuid = {DCEBAC11-2DB5-47CD-9936-687A74501BAD}
	EndGlobalSection
EndGlobal
